// !$*UTF8*$!
{
	archiveVersion = 1;
	classes = {
	};
	objectVersion = 56;
	objects = {

/* Begin PBXBuildFile section */
		0242D74729F6E8D50069662A /* AppDelegate.swift in Sources */ = {isa = PBXBuildFile; fileRef = 0242D74629F6E8D50069662A /* AppDelegate.swift */; };
		0242D74929F6E8D50069662A /* SceneDelegate.swift in Sources */ = {isa = PBXBuildFile; fileRef = 0242D74829F6E8D50069662A /* SceneDelegate.swift */; };
		0242D74B29F6E8D50069662A /* ViewController.swift in Sources */ = {isa = PBXBuildFile; fileRef = 0242D74A29F6E8D50069662A /* ViewController.swift */; };
		0242D74E29F6E8D50069662A /* Main.storyboard in Resources */ = {isa = PBXBuildFile; fileRef = 0242D74C29F6E8D50069662A /* Main.storyboard */; };
		0242D75029F6E8D60069662A /* Assets.xcassets in Resources */ = {isa = PBXBuildFile; fileRef = 0242D74F29F6E8D60069662A /* Assets.xcassets */; };
		0242D75329F6E8D60069662A /* LaunchScreen.storyboard in Resources */ = {isa = PBXBuildFile; fileRef = 0242D75129F6E8D60069662A /* LaunchScreen.storyboard */; };
		0242D75E29F6E8D60069662A /* I_am_PoorTests.swift in Sources */ = {isa = PBXBuildFile; fileRef = 0242D75D29F6E8D60069662A /* I_am_PoorTests.swift */; };
		0242D76829F6E8D60069662A /* I_am_PoorUITests.swift in Sources */ = {isa = PBXBuildFile; fileRef = 0242D76729F6E8D60069662A /* I_am_PoorUITests.swift */; };
		0242D76A29F6E8D60069662A /* I_am_PoorUITestsLaunchTests.swift in Sources */ = {isa = PBXBuildFile; fileRef = 0242D76929F6E8D60069662A /* I_am_PoorUITestsLaunchTests.swift */; };
/* End PBXBuildFile section */

/* Begin PBXContainerItemProxy section */
		0242D75A29F6E8D60069662A /* PBXContainerItemProxy */ = {
			isa = PBXContainerItemProxy;
			containerPortal = 0242D73B29F6E8D50069662A /* Project object */;
			proxyType = 1;
			remoteGlobalIDString = 0242D74229F6E8D50069662A;
			remoteInfo = "I-am-Poor";
		};
		0242D76429F6E8D60069662A /* PBXContainerItemProxy */ = {
			isa = PBXContainerItemProxy;
			containerPortal = 0242D73B29F6E8D50069662A /* Project object */;
			proxyType = 1;
			remoteGlobalIDString = 0242D74229F6E8D50069662A;
			remoteInfo = "I-am-Poor";
		};
/* End PBXContainerItemProxy section */

/* Begin PBXFileReference section */
		0242D74329F6E8D50069662A /* I-am-Poor.app */ = {isa = PBXFileReference; explicitFileType = wrapper.application; includeInIndex = 0; path = "I-am-Poor.app"; sourceTree = BUILT_PRODUCTS_DIR; };
		0242D74629F6E8D50069662A /* AppDelegate.swift */ = {isa = PBXFileReference; lastKnownFileType = sourcecode.swift; path = AppDelegate.swift; sourceTree = "<group>"; };
		0242D74829F6E8D50069662A /* SceneDelegate.swift */ = {isa = PBXFileReference; lastKnownFileType = sourcecode.swift; path = SceneDelegate.swift; sourceTree = "<group>"; };
		0242D74A29F6E8D50069662A /* ViewController.swift */ = {isa = PBXFileReference; lastKnownFileType = sourcecode.swift; path = ViewController.swift; sourceTree = "<group>"; };
		0242D74D29F6E8D50069662A /* Base */ = {isa = PBXFileReference; lastKnownFileType = file.storyboard; name = Base; path = Base.lproj/Main.storyboard; sourceTree = "<group>"; };
		0242D74F29F6E8D60069662A /* Assets.xcassets */ = {isa = PBXFileReference; lastKnownFileType = folder.assetcatalog; path = Assets.xcassets; sourceTree = "<group>"; };
		0242D75229F6E8D60069662A /* Base */ = {isa = PBXFileReference; lastKnownFileType = file.storyboard; name = Base; path = Base.lproj/LaunchScreen.storyboard; sourceTree = "<group>"; };
		0242D75429F6E8D60069662A /* Info.plist */ = {isa = PBXFileReference; lastKnownFileType = text.plist.xml; path = Info.plist; sourceTree = "<group>"; };
		0242D75929F6E8D60069662A /* I-am-PoorTests.xctest */ = {isa = PBXFileReference; explicitFileType = wrapper.cfbundle; includeInIndex = 0; path = "I-am-PoorTests.xctest"; sourceTree = BUILT_PRODUCTS_DIR; };
		0242D75D29F6E8D60069662A /* I_am_PoorTests.swift */ = {isa = PBXFileReference; lastKnownFileType = sourcecode.swift; path = I_am_PoorTests.swift; sourceTree = "<group>"; };
		0242D76329F6E8D60069662A /* I-am-PoorUITests.xctest */ = {isa = PBXFileReference; explicitFileType = wrapper.cfbundle; includeInIndex = 0; path = "I-am-PoorUITests.xctest"; sourceTree = BUILT_PRODUCTS_DIR; };
		0242D76729F6E8D60069662A /* I_am_PoorUITests.swift */ = {isa = PBXFileReference; lastKnownFileType = sourcecode.swift; path = I_am_PoorUITests.swift; sourceTree = "<group>"; };
		0242D76929F6E8D60069662A /* I_am_PoorUITestsLaunchTests.swift */ = {isa = PBXFileReference; lastKnownFileType = sourcecode.swift; path = I_am_PoorUITestsLaunchTests.swift; sourceTree = "<group>"; };
/* End PBXFileReference section */

/* Begin PBXFrameworksBuildPhase section */
		0242D74029F6E8D50069662A /* Frameworks */ = {
			isa = PBXFrameworksBuildPhase;
			buildActionMask = 2147483647;
			files = (
			);
			runOnlyForDeploymentPostprocessing = 0;
		};
		0242D75629F6E8D60069662A /* Frameworks */ = {
			isa = PBXFrameworksBuildPhase;
			buildActionMask = 2147483647;
			files = (
			);
			runOnlyForDeploymentPostprocessing = 0;
		};
		0242D76029F6E8D60069662A /* Frameworks */ = {
			isa = PBXFrameworksBuildPhase;
			buildActionMask = 2147483647;
			files = (
			);
			runOnlyForDeploymentPostprocessing = 0;
		};
/* End PBXFrameworksBuildPhase section */

/* Begin PBXGroup section */
		0242D73A29F6E8D50069662A = {
			isa = PBXGroup;
			children = (
				0242D74529F6E8D50069662A /* I-am-Poor */,
				0242D75C29F6E8D60069662A /* I-am-PoorTests */,
				0242D76629F6E8D60069662A /* I-am-PoorUITests */,
				0242D74429F6E8D50069662A /* Products */,
			);
			sourceTree = "<group>";
		};
		0242D74429F6E8D50069662A /* Products */ = {
			isa = PBXGroup;
			children = (
				0242D74329F6E8D50069662A /* I-am-Poor.app */,
				0242D75929F6E8D60069662A /* I-am-PoorTests.xctest */,
				0242D76329F6E8D60069662A /* I-am-PoorUITests.xctest */,
			);
			name = Products;
			sourceTree = "<group>";
		};
		0242D74529F6E8D50069662A /* I-am-Poor */ = {
			isa = PBXGroup;
			children = (
				0242D74629F6E8D50069662A /* AppDelegate.swift */,
				0242D74829F6E8D50069662A /* SceneDelegate.swift */,
				0242D74A29F6E8D50069662A /* ViewController.swift */,
				0242D74C29F6E8D50069662A /* Main.storyboard */,
				0242D74F29F6E8D60069662A /* Assets.xcassets */,
				0242D75129F6E8D60069662A /* LaunchScreen.storyboard */,
				0242D75429F6E8D60069662A /* Info.plist */,
			);
			path = "I-am-Poor";
			sourceTree = "<group>";
		};
		0242D75C29F6E8D60069662A /* I-am-PoorTests */ = {
			isa = PBXGroup;
			children = (
				0242D75D29F6E8D60069662A /* I_am_PoorTests.swift */,
			);
			path = "I-am-PoorTests";
			sourceTree = "<group>";
		};
		0242D76629F6E8D60069662A /* I-am-PoorUITests */ = {
			isa = PBXGroup;
			children = (
				0242D76729F6E8D60069662A /* I_am_PoorUITests.swift */,
				0242D76929F6E8D60069662A /* I_am_PoorUITestsLaunchTests.swift */,
			);
			path = "I-am-PoorUITests";
			sourceTree = "<group>";
		};
/* End PBXGroup section */

/* Begin PBXNativeTarget section */
		0242D74229F6E8D50069662A /* I-am-Poor */ = {
			isa = PBXNativeTarget;
			buildConfigurationList = 0242D76D29F6E8D60069662A /* Build configuration list for PBXNativeTarget "I-am-Poor" */;
			buildPhases = (
				0242D73F29F6E8D50069662A /* Sources */,
				0242D74029F6E8D50069662A /* Frameworks */,
				0242D74129F6E8D50069662A /* Resources */,
			);
			buildRules = (
			);
			dependencies = (
			);
			name = "I-am-Poor";
			productName = "I-am-Poor";
			productReference = 0242D74329F6E8D50069662A /* I-am-Poor.app */;
			productType = "com.apple.product-type.application";
		};
		0242D75829F6E8D60069662A /* I-am-PoorTests */ = {
			isa = PBXNativeTarget;
			buildConfigurationList = 0242D77029F6E8D60069662A /* Build configuration list for PBXNativeTarget "I-am-PoorTests" */;
			buildPhases = (
				0242D75529F6E8D60069662A /* Sources */,
				0242D75629F6E8D60069662A /* Frameworks */,
				0242D75729F6E8D60069662A /* Resources */,
			);
			buildRules = (
			);
			dependencies = (
				0242D75B29F6E8D60069662A /* PBXTargetDependency */,
			);
			name = "I-am-PoorTests";
			productName = "I-am-PoorTests";
			productReference = 0242D75929F6E8D60069662A /* I-am-PoorTests.xctest */;
			productType = "com.apple.product-type.bundle.unit-test";
		};
		0242D76229F6E8D60069662A /* I-am-PoorUITests */ = {
			isa = PBXNativeTarget;
			buildConfigurationList = 0242D77329F6E8D60069662A /* Build configuration list for PBXNativeTarget "I-am-PoorUITests" */;
			buildPhases = (
				0242D75F29F6E8D60069662A /* Sources */,
				0242D76029F6E8D60069662A /* Frameworks */,
				0242D76129F6E8D60069662A /* Resources */,
			);
			buildRules = (
			);
			dependencies = (
				0242D76529F6E8D60069662A /* PBXTargetDependency */,
			);
			name = "I-am-PoorUITests";
			productName = "I-am-PoorUITests";
			productReference = 0242D76329F6E8D60069662A /* I-am-PoorUITests.xctest */;
			productType = "com.apple.product-type.bundle.ui-testing";
		};
/* End PBXNativeTarget section */

/* Begin PBXProject section */
		0242D73B29F6E8D50069662A /* Project object */ = {
			isa = PBXProject;
			attributes = {
				BuildIndependentTargetsInParallel = 1;
				LastSwiftUpdateCheck = 1410;
				LastUpgradeCheck = 1410;
				TargetAttributes = {
					0242D74229F6E8D50069662A = {
						CreatedOnToolsVersion = 14.1;
					};
					0242D75829F6E8D60069662A = {
						CreatedOnToolsVersion = 14.1;
						TestTargetID = 0242D74229F6E8D50069662A;
					};
					0242D76229F6E8D60069662A = {
						CreatedOnToolsVersion = 14.1;
						TestTargetID = 0242D74229F6E8D50069662A;
					};
				};
			};
			buildConfigurationList = 0242D73E29F6E8D50069662A /* Build configuration list for PBXProject "I-am-Poor" */;
			compatibilityVersion = "Xcode 14.0";
			developmentRegion = en;
			hasScannedForEncodings = 0;
			knownRegions = (
				en,
				Base,
			);
			mainGroup = 0242D73A29F6E8D50069662A;
			productRefGroup = 0242D74429F6E8D50069662A /* Products */;
			projectDirPath = "";
			projectRoot = "";
			targets = (
				0242D74229F6E8D50069662A /* I-am-Poor */,
				0242D75829F6E8D60069662A /* I-am-PoorTests */,
				0242D76229F6E8D60069662A /* I-am-PoorUITests */,
			);
		};
/* End PBXProject section */

/* Begin PBXResourcesBuildPhase section */
		0242D74129F6E8D50069662A /* Resources */ = {
			isa = PBXResourcesBuildPhase;
			buildActionMask = 2147483647;
			files = (
				0242D75329F6E8D60069662A /* LaunchScreen.storyboard in Resources */,
				0242D75029F6E8D60069662A /* Assets.xcassets in Resources */,
				0242D74E29F6E8D50069662A /* Main.storyboard in Resources */,
			);
			runOnlyForDeploymentPostprocessing = 0;
		};
		0242D75729F6E8D60069662A /* Resources */ = {
			isa = PBXResourcesBuildPhase;
			buildActionMask = 2147483647;
			files = (
			);
			runOnlyForDeploymentPostprocessing = 0;
		};
		0242D76129F6E8D60069662A /* Resources */ = {
			isa = PBXResourcesBuildPhase;
			buildActionMask = 2147483647;
			files = (
			);
			runOnlyForDeploymentPostprocessing = 0;
		};
/* End PBXResourcesBuildPhase section */

/* Begin PBXSourcesBuildPhase section */
		0242D73F29F6E8D50069662A /* Sources */ = {
			isa = PBXSourcesBuildPhase;
			buildActionMask = 2147483647;
			files = (
				0242D74B29F6E8D50069662A /* ViewController.swift in Sources */,
				0242D74729F6E8D50069662A /* AppDelegate.swift in Sources */,
				0242D74929F6E8D50069662A /* SceneDelegate.swift in Sources */,
			);
			runOnlyForDeploymentPostprocessing = 0;
		};
		0242D75529F6E8D60069662A /* Sources */ = {
			isa = PBXSourcesBuildPhase;
			buildActionMask = 2147483647;
			files = (
				0242D75E29F6E8D60069662A /* I_am_PoorTests.swift in Sources */,
			);
			runOnlyForDeploymentPostprocessing = 0;
		};
		0242D75F29F6E8D60069662A /* Sources */ = {
			isa = PBXSourcesBuildPhase;
			buildActionMask = 2147483647;
			files = (
				0242D76A29F6E8D60069662A /* I_am_PoorUITestsLaunchTests.swift in Sources */,
				0242D76829F6E8D60069662A /* I_am_PoorUITests.swift in Sources */,
			);
			runOnlyForDeploymentPostprocessing = 0;
		};
/* End PBXSourcesBuildPhase section */

/* Begin PBXTargetDependency section */
		0242D75B29F6E8D60069662A /* PBXTargetDependency */ = {
			isa = PBXTargetDependency;
			target = 0242D74229F6E8D50069662A /* I-am-Poor */;
			targetProxy = 0242D75A29F6E8D60069662A /* PBXContainerItemProxy */;
		};
		0242D76529F6E8D60069662A /* PBXTargetDependency */ = {
			isa = PBXTargetDependency;
			target = 0242D74229F6E8D50069662A /* I-am-Poor */;
			targetProxy = 0242D76429F6E8D60069662A /* PBXContainerItemProxy */;
		};
/* End PBXTargetDependency section */

/* Begin PBXVariantGroup section */
		0242D74C29F6E8D50069662A /* Main.storyboard */ = {
			isa = PBXVariantGroup;
			children = (
				0242D74D29F6E8D50069662A /* Base */,
			);
			name = Main.storyboard;
			sourceTree = "<group>";
		};
		0242D75129F6E8D60069662A /* LaunchScreen.storyboard */ = {
			isa = PBXVariantGroup;
			children = (
				0242D75229F6E8D60069662A /* Base */,
			);
			name = LaunchScreen.storyboard;
			sourceTree = "<group>";
		};
/* End PBXVariantGroup section */

/* Begin XCBuildConfiguration section */
		0242D76B29F6E8D60069662A /* Debug */ = {
			isa = XCBuildConfiguration;
			buildSettings = {
				ALWAYS_SEARCH_USER_PATHS = NO;
				CLANG_ANALYZER_NONNULL = YES;
				CLANG_ANALYZER_NUMBER_OBJECT_CONVERSION = YES_AGGRESSIVE;
				CLANG_CXX_LANGUAGE_STANDARD = "gnu++20";
				CLANG_ENABLE_MODULES = YES;
				CLANG_ENABLE_OBJC_ARC = YES;
				CLANG_ENABLE_OBJC_WEAK = YES;
				CLANG_WARN_BLOCK_CAPTURE_AUTORELEASING = YES;
				CLANG_WARN_BOOL_CONVERSION = YES;
				CLANG_WARN_COMMA = YES;
				CLANG_WARN_CONSTANT_CONVERSION = YES;
				CLANG_WARN_DEPRECATED_OBJC_IMPLEMENTATIONS = YES;
				CLANG_WARN_DIRECT_OBJC_ISA_USAGE = YES_ERROR;
				CLANG_WARN_DOCUMENTATION_COMMENTS = YES;
				CLANG_WARN_EMPTY_BODY = YES;
				CLANG_WARN_ENUM_CONVERSION = YES;
				CLANG_WARN_INFINITE_RECURSION = YES;
				CLANG_WARN_INT_CONVERSION = YES;
				CLANG_WARN_NON_LITERAL_NULL_CONVERSION = YES;
				CLANG_WARN_OBJC_IMPLICIT_RETAIN_SELF = YES;
				CLANG_WARN_OBJC_LITERAL_CONVERSION = YES;
				CLANG_WARN_OBJC_ROOT_CLASS = YES_ERROR;
				CLANG_WARN_QUOTED_INCLUDE_IN_FRAMEWORK_HEADER = YES;
				CLANG_WARN_RANGE_LOOP_ANALYSIS = YES;
				CLANG_WARN_STRICT_PROTOTYPES = YES;
				CLANG_WARN_SUSPICIOUS_MOVE = YES;
				CLANG_WARN_UNGUARDED_AVAILABILITY = YES_AGGRESSIVE;
				CLANG_WARN_UNREACHABLE_CODE = YES;
				CLANG_WARN__DUPLICATE_METHOD_MATCH = YES;
				COPY_PHASE_STRIP = NO;
				DEBUG_INFORMATION_FORMAT = dwarf;
				ENABLE_STRICT_OBJC_MSGSEND = YES;
				ENABLE_TESTABILITY = YES;
				GCC_C_LANGUAGE_STANDARD = gnu11;
				GCC_DYNAMIC_NO_PIC = NO;
				GCC_NO_COMMON_BLOCKS = YES;
				GCC_OPTIMIZATION_LEVEL = 0;
				GCC_PREPROCESSOR_DEFINITIONS = (
					"DEBUG=1",
					"$(inherited)",
				);
				GCC_WARN_64_TO_32_BIT_CONVERSION = YES;
				GCC_WARN_ABOUT_RETURN_TYPE = YES_ERROR;
				GCC_WARN_UNDECLARED_SELECTOR = YES;
				GCC_WARN_UNINITIALIZED_AUTOS = YES_AGGRESSIVE;
				GCC_WARN_UNUSED_FUNCTION = YES;
				GCC_WARN_UNUSED_VARIABLE = YES;
				IPHONEOS_DEPLOYMENT_TARGET = 16.1;
				MTL_ENABLE_DEBUG_INFO = INCLUDE_SOURCE;
				MTL_FAST_MATH = YES;
				ONLY_ACTIVE_ARCH = YES;
				SDKROOT = iphoneos;
				SWIFT_ACTIVE_COMPILATION_CONDITIONS = DEBUG;
				SWIFT_OPTIMIZATION_LEVEL = "-Onone";
			};
			name = Debug;
		};
		0242D76C29F6E8D60069662A /* Release */ = {
			isa = XCBuildConfiguration;
			buildSettings = {
				ALWAYS_SEARCH_USER_PATHS = NO;
				CLANG_ANALYZER_NONNULL = YES;
				CLANG_ANALYZER_NUMBER_OBJECT_CONVERSION = YES_AGGRESSIVE;
				CLANG_CXX_LANGUAGE_STANDARD = "gnu++20";
				CLANG_ENABLE_MODULES = YES;
				CLANG_ENABLE_OBJC_ARC = YES;
				CLANG_ENABLE_OBJC_WEAK = YES;
				CLANG_WARN_BLOCK_CAPTURE_AUTORELEASING = YES;
				CLANG_WARN_BOOL_CONVERSION = YES;
				CLANG_WARN_COMMA = YES;
				CLANG_WARN_CONSTANT_CONVERSION = YES;
				CLANG_WARN_DEPRECATED_OBJC_IMPLEMENTATIONS = YES;
				CLANG_WARN_DIRECT_OBJC_ISA_USAGE = YES_ERROR;
				CLANG_WARN_DOCUMENTATION_COMMENTS = YES;
				CLANG_WARN_EMPTY_BODY = YES;
				CLANG_WARN_ENUM_CONVERSION = YES;
				CLANG_WARN_INFINITE_RECURSION = YES;
				CLANG_WARN_INT_CONVERSION = YES;
				CLANG_WARN_NON_LITERAL_NULL_CONVERSION = YES;
				CLANG_WARN_OBJC_IMPLICIT_RETAIN_SELF = YES;
				CLANG_WARN_OBJC_LITERAL_CONVERSION = YES;
				CLANG_WARN_OBJC_ROOT_CLASS = YES_ERROR;
				CLANG_WARN_QUOTED_INCLUDE_IN_FRAMEWORK_HEADER = YES;
				CLANG_WARN_RANGE_LOOP_ANALYSIS = YES;
				CLANG_WARN_STRICT_PROTOTYPES = YES;
				CLANG_WARN_SUSPICIOUS_MOVE = YES;
				CLANG_WARN_UNGUARDED_AVAILABILITY = YES_AGGRESSIVE;
				CLANG_WARN_UNREACHABLE_CODE = YES;
				CLANG_WARN__DUPLICATE_METHOD_MATCH = YES;
				COPY_PHASE_STRIP = NO;
				DEBUG_INFORMATION_FORMAT = "dwarf-with-dsym";
				ENABLE_NS_ASSERTIONS = NO;
				ENABLE_STRICT_OBJC_MSGSEND = YES;
				GCC_C_LANGUAGE_STANDARD = gnu11;
				GCC_NO_COMMON_BLOCKS = YES;
				GCC_WARN_64_TO_32_BIT_CONVERSION = YES;
				GCC_WARN_ABOUT_RETURN_TYPE = YES_ERROR;
				GCC_WARN_UNDECLARED_SELECTOR = YES;
				GCC_WARN_UNINITIALIZED_AUTOS = YES_AGGRESSIVE;
				GCC_WARN_UNUSED_FUNCTION = YES;
				GCC_WARN_UNUSED_VARIABLE = YES;
				IPHONEOS_DEPLOYMENT_TARGET = 16.1;
				MTL_ENABLE_DEBUG_INFO = NO;
				MTL_FAST_MATH = YES;
				SDKROOT = iphoneos;
				SWIFT_COMPILATION_MODE = wholemodule;
				SWIFT_OPTIMIZATION_LEVEL = "-O";
				VALIDATE_PRODUCT = YES;
			};
			name = Release;
		};
		0242D76E29F6E8D60069662A /* Debug */ = {
			isa = XCBuildConfiguration;
			buildSettings = {
				ASSETCATALOG_COMPILER_APPICON_NAME = AppIcon;
				ASSETCATALOG_COMPILER_GLOBAL_ACCENT_COLOR_NAME = AccentColor;
				CODE_SIGN_STYLE = Automatic;
				CURRENT_PROJECT_VERSION = 1;
				DEVELOPMENT_TEAM = K32R92XPQ2;
				GENERATE_INFOPLIST_FILE = YES;
				INFOPLIST_FILE = "I-am-Poor/Info.plist";
				INFOPLIST_KEY_UIApplicationSupportsIndirectInputEvents = YES;
				INFOPLIST_KEY_UILaunchStoryboardName = LaunchScreen;
				INFOPLIST_KEY_UIMainStoryboardFile = Main;
				INFOPLIST_KEY_UISupportedInterfaceOrientations_iPad = "UIInterfaceOrientationPortrait UIInterfaceOrientationPortraitUpsideDown UIInterfaceOrientationLandscapeLeft UIInterfaceOrientationLandscapeRight";
				INFOPLIST_KEY_UISupportedInterfaceOrientations_iPhone = "UIInterfaceOrientationPortrait UIInterfaceOrientationLandscapeLeft UIInterfaceOrientationLandscapeRight";
				LD_RUNPATH_SEARCH_PATHS = (
					"$(inherited)",
					"@executable_path/Frameworks",
				);
				MARKETING_VERSION = 1.0;
				PRODUCT_BUNDLE_IDENTIFIER = "com.narurama.I-am-Poor";
				PRODUCT_NAME = "$(TARGET_NAME)";
				SWIFT_EMIT_LOC_STRINGS = YES;
				SWIFT_VERSION = 5.0;
				TARGETED_DEVICE_FAMILY = "1,2";
			};
			name = Debug;
		};
		0242D76F29F6E8D60069662A /* Release */ = {
			isa = XCBuildConfiguration;
			buildSettings = {
				ASSETCATALOG_COMPILER_APPICON_NAME = AppIcon;
				ASSETCATALOG_COMPILER_GLOBAL_ACCENT_COLOR_NAME = AccentColor;
				CODE_SIGN_STYLE = Automatic;
				CURRENT_PROJECT_VERSION = 1;
				DEVELOPMENT_TEAM = K32R92XPQ2;
				GENERATE_INFOPLIST_FILE = YES;
				INFOPLIST_FILE = "I-am-Poor/Info.plist";
				INFOPLIST_KEY_UIApplicationSupportsIndirectInputEvents = YES;
				INFOPLIST_KEY_UILaunchStoryboardName = LaunchScreen;
				INFOPLIST_KEY_UIMainStoryboardFile = Main;
				INFOPLIST_KEY_UISupportedInterfaceOrientations_iPad = "UIInterfaceOrientationPortrait UIInterfaceOrientationPortraitUpsideDown UIInterfaceOrientationLandscapeLeft UIInterfaceOrientationLandscapeRight";
				INFOPLIST_KEY_UISupportedInterfaceOrientations_iPhone = "UIInterfaceOrientationPortrait UIInterfaceOrientationLandscapeLeft UIInterfaceOrientationLandscapeRight";
				LD_RUNPATH_SEARCH_PATHS = (
					"$(inherited)",
					"@executable_path/Frameworks",
				);
				MARKETING_VERSION = 1.0;
				PRODUCT_BUNDLE_IDENTIFIER = "com.narurama.I-am-Poor";
				PRODUCT_NAME = "$(TARGET_NAME)";
				SWIFT_EMIT_LOC_STRINGS = YES;
				SWIFT_VERSION = 5.0;
				TARGETED_DEVICE_FAMILY = "1,2";
			};
			name = Release;
		};
		0242D77129F6E8D60069662A /* Debug */ = {
			isa = XCBuildConfiguration;
			buildSettings = {
				ALWAYS_EMBED_SWIFT_STANDARD_LIBRARIES = YES;
				BUNDLE_LOADER = "$(TEST_HOST)";
				CODE_SIGN_STYLE = Automatic;
				CURRENT_PROJECT_VERSION = 1;
				DEVELOPMENT_TEAM = K32R92XPQ2;
				GENERATE_INFOPLIST_FILE = YES;
				IPHONEOS_DEPLOYMENT_TARGET = 16.1;
				MARKETING_VERSION = 1.0;
				PRODUCT_BUNDLE_IDENTIFIER = "com.narurama.I-am-PoorTests";
				PRODUCT_NAME = "$(TARGET_NAME)";
				SWIFT_EMIT_LOC_STRINGS = NO;
				SWIFT_VERSION = 5.0;
				TARGETED_DEVICE_FAMILY = "1,2";
				TEST_HOST = "$(BUILT_PRODUCTS_DIR)/I-am-Poor.app/$(BUNDLE_EXECUTABLE_FOLDER_PATH)/I-am-Poor";
			};
			name = Debug;
		};
		0242D77229F6E8D60069662A /* Release */ = {
			isa = XCBuildConfiguration;
			buildSettings = {
				ALWAYS_EMBED_SWIFT_STANDARD_LIBRARIES = YES;
				BUNDLE_LOADER = "$(TEST_HOST)";
				CODE_SIGN_STYLE = Automatic;
				CURRENT_PROJECT_VERSION = 1;
				DEVELOPMENT_TEAM = K32R92XPQ2;
				GENERATE_INFOPLIST_FILE = YES;
				IPHONEOS_DEPLOYMENT_TARGET = 16.1;
				MARKETING_VERSION = 1.0;
				PRODUCT_BUNDLE_IDENTIFIER = "com.narurama.I-am-PoorTests";
				PRODUCT_NAME = "$(TARGET_NAME)";
				SWIFT_EMIT_LOC_STRINGS = NO;
				SWIFT_VERSION = 5.0;
				TARGETED_DEVICE_FAMILY = "1,2";
				TEST_HOST = "$(BUILT_PRODUCTS_DIR)/I-am-Poor.app/$(BUNDLE_EXECUTABLE_FOLDER_PATH)/I-am-Poor";
			};
			name = Release;
		};
		0242D77429F6E8D60069662A /* Debug */ = {
			isa = XCBuildConfiguration;
			buildSettings = {
				ALWAYS_EMBED_SWIFT_STANDARD_LIBRARIES = YES;
				CODE_SIGN_STYLE = Automatic;
				CURRENT_PROJECT_VERSION = 1;
				DEVELOPMENT_TEAM = K32R92XPQ2;
				GENERATE_INFOPLIST_FILE = YES;
				MARKETING_VERSION = 1.0;
				PRODUCT_BUNDLE_IDENTIFIER = "com.narurama.I-am-PoorUITests";
				PRODUCT_NAME = "$(TARGET_NAME)";
				SWIFT_EMIT_LOC_STRINGS = NO;
				SWIFT_VERSION = 5.0;
				TARGETED_DEVICE_FAMILY = "1,2";
				TEST_TARGET_NAME = "I-am-Poor";
			};
			name = Debug;
		};
		0242D77529F6E8D60069662A /* Release */ = {
			isa = XCBuildConfiguration;
			buildSettings = {
				ALWAYS_EMBED_SWIFT_STANDARD_LIBRARIES = YES;
				CODE_SIGN_STYLE = Automatic;
				CURRENT_PROJECT_VERSION = 1;
				DEVELOPMENT_TEAM = K32R92XPQ2;
				GENERATE_INFOPLIST_FILE = YES;
				MARKETING_VERSION = 1.0;
				PRODUCT_BUNDLE_IDENTIFIER = "com.narurama.I-am-PoorUITests";
				PRODUCT_NAME = "$(TARGET_NAME)";
				SWIFT_EMIT_LOC_STRINGS = NO;
				SWIFT_VERSION = 5.0;
				TARGETED_DEVICE_FAMILY = "1,2";
				TEST_TARGET_NAME = "I-am-Poor";
			};
			name = Release;
		};
/* End XCBuildConfiguration section */

/* Begin XCConfigurationList section */
		0242D73E29F6E8D50069662A /* Build configuration list for PBXProject "I-am-Poor" */ = {
			isa = XCConfigurationList;
			buildConfigurations = (
				0242D76B29F6E8D60069662A /* Debug */,
				0242D76C29F6E8D60069662A /* Release */,
			);
			defaultConfigurationIsVisible = 0;
			defaultConfigurationName = Release;
		};
		0242D76D29F6E8D60069662A /* Build configuration list for PBXNativeTarget "I-am-Poor" */ = {
			isa = XCConfigurationList;
			buildConfigurations = (
				0242D76E29F6E8D60069662A /* Debug */,
				0242D76F29F6E8D60069662A /* Release */,
			);
			defaultConfigurationIsVisible = 0;
			defaultConfigurationName = Release;
		};
		0242D77029F6E8D60069662A /* Build configuration list for PBXNativeTarget "I-am-PoorTests" */ = {
			isa = XCConfigurationList;
			buildConfigurations = (
				0242D77129F6E8D60069662A /* Debug */,
				0242D77229F6E8D60069662A /* Release */,
			);
			defaultConfigurationIsVisible = 0;
			defaultConfigurationName = Release;
		};
		0242D77329F6E8D60069662A /* Build configuration list for PBXNativeTarget "I-am-PoorUITests" */ = {
			isa = XCConfigurationList;
			buildConfigurations = (
				0242D77429F6E8D60069662A /* Debug */,
				0242D77529F6E8D60069662A /* Release */,
			);
			defaultConfigurationIsVisible = 0;
			defaultConfigurationName = Release;
		};
/* End XCConfigurationList section */
	};
	rootObject = 0242D73B29F6E8D50069662A /* Project object */;
}
